
Microsoft Visual Studio Solution File, Format Version 12.00
# Visual Studio Version 17
VisualStudioVersion = 17.5.002.0
MinimumVisualStudioVersion = 10.0.40219.1
Project("{2150E333-8FDC-42A3-9474-1A3956D46DE8}") = "Lesson1", "Lesson1", "{B65389C3-1EB0-44EC-934D-A06D817100EC}"
EndProject
Project("{9A19103F-16F7-4668-BE54-9A1E7A4F7556}") = "Task1", "Lesson1\Task1\Task1.csproj", "{9C1DB3CC-4C3D-4A11-A183-4F1F46CE4107}"
EndProject
Project("{FAE04EC0-301F-11D3-BF4B-00C04F79EFBC}") = "Task2", "Task2\Task2.csproj", "{719D4475-6F1A-4210-905D-3908A8089EBE}"
EndProject
Project("{FAE04EC0-301F-11D3-BF4B-00C04F79EFBC}") = "Task3", "Task3\Task3.csproj", "{66E4796C-EA40-4A34-96AD-E53B6E20E699}"
EndProject
Project("{FAE04EC0-301F-11D3-BF4B-00C04F79EFBC}") = "Task4", "Task4\Task4.csproj", "{34EDA227-D373-446F-B30F-0AB79289EFB6}"
EndProject
Project("{FAE04EC0-301F-11D3-BF4B-00C04F79EFBC}") = "Task5", "Task5\Task5.csproj", "{83AD4A18-18F5-4DC3-A9BE-E1702FB820E2}"
EndProject
Project("{FAE04EC0-301F-11D3-BF4B-00C04F79EFBC}") = "Les3Task1", "Les3Task1\Les3Task1.csproj", "{A0C4FA38-AB4A-4504-998B-A3746D981D34}"
EndProject
Project("{FAE04EC0-301F-11D3-BF4B-00C04F79EFBC}") = "Les3Task2", "Les3Task2\Les3Task2.csproj", "{D0E13B4F-FB8C-4B39-9442-48E7629622F7}"
EndProject
Project("{FAE04EC0-301F-11D3-BF4B-00C04F79EFBC}") = "Les3Task3", "Les3Task3\Les3Task3.csproj", "{45B0EC60-F770-4EE5-9006-8BFA963F9926}"
EndProject
Project("{FAE04EC0-301F-11D3-BF4B-00C04F79EFBC}") = "Les4Task1", "Les4Task1\Les4Task1.csproj", "{D07EEB05-C9B4-47E2-8772-D152238ED32B}"
EndProject
Project("{FAE04EC0-301F-11D3-BF4B-00C04F79EFBC}") = "Les4Task2", "Les4Task2\Les4Task2.csproj", "{44EB8A3C-66A1-47AC-9959-CB5788EDD174}"
EndProject
Project("{FAE04EC0-301F-11D3-BF4B-00C04F79EFBC}") = "Les4Task3", "Les4Task3\Les4Task3.csproj", "{42BF6876-ADE1-4DFE-A2AB-E93932114E4C}"
EndProject
Project("{FAE04EC0-301F-11D3-BF4B-00C04F79EFBC}") = "Les5Task1", "Les5Task1\Les5Task1.csproj", "{34788467-864E-402B-B419-EEDC858018C7}"
EndProject
Global
	GlobalSection(SolutionConfigurationPlatforms) = preSolution
		Debug|Any CPU = Debug|Any CPU
		Release|Any CPU = Release|Any CPU
	EndGlobalSection
	GlobalSection(ProjectConfigurationPlatforms) = postSolution
		{9C1DB3CC-4C3D-4A11-A183-4F1F46CE4107}.Debug|Any CPU.ActiveCfg = Debug|Any CPU
		{9C1DB3CC-4C3D-4A11-A183-4F1F46CE4107}.Debug|Any CPU.Build.0 = Debug|Any CPU
		{9C1DB3CC-4C3D-4A11-A183-4F1F46CE4107}.Release|Any CPU.ActiveCfg = Release|Any CPU
		{9C1DB3CC-4C3D-4A11-A183-4F1F46CE4107}.Release|Any CPU.Build.0 = Release|Any CPU
		{719D4475-6F1A-4210-905D-3908A8089EBE}.Debug|Any CPU.ActiveCfg = Debug|Any CPU
		{719D4475-6F1A-4210-905D-3908A8089EBE}.Debug|Any CPU.Build.0 = Debug|Any CPU
		{719D4475-6F1A-4210-905D-3908A8089EBE}.Release|Any CPU.ActiveCfg = Release|Any CPU
		{719D4475-6F1A-4210-905D-3908A8089EBE}.Release|Any CPU.Build.0 = Release|Any CPU
		{66E4796C-EA40-4A34-96AD-E53B6E20E699}.Debug|Any CPU.ActiveCfg = Debug|Any CPU
		{66E4796C-EA40-4A34-96AD-E53B6E20E699}.Debug|Any CPU.Build.0 = Debug|Any CPU
		{66E4796C-EA40-4A34-96AD-E53B6E20E699}.Release|Any CPU.ActiveCfg = Release|Any CPU
		{66E4796C-EA40-4A34-96AD-E53B6E20E699}.Release|Any CPU.Build.0 = Release|Any CPU
		{34EDA227-D373-446F-B30F-0AB79289EFB6}.Debug|Any CPU.ActiveCfg = Debug|Any CPU
		{34EDA227-D373-446F-B30F-0AB79289EFB6}.Debug|Any CPU.Build.0 = Debug|Any CPU
		{34EDA227-D373-446F-B30F-0AB79289EFB6}.Release|Any CPU.ActiveCfg = Release|Any CPU
		{34EDA227-D373-446F-B30F-0AB79289EFB6}.Release|Any CPU.Build.0 = Release|Any CPU
		{83AD4A18-18F5-4DC3-A9BE-E1702FB820E2}.Debug|Any CPU.ActiveCfg = Debug|Any CPU
		{83AD4A18-18F5-4DC3-A9BE-E1702FB820E2}.Debug|Any CPU.Build.0 = Debug|Any CPU
		{83AD4A18-18F5-4DC3-A9BE-E1702FB820E2}.Release|Any CPU.ActiveCfg = Release|Any CPU
		{83AD4A18-18F5-4DC3-A9BE-E1702FB820E2}.Release|Any CPU.Build.0 = Release|Any CPU
		{A0C4FA38-AB4A-4504-998B-A3746D981D34}.Debug|Any CPU.ActiveCfg = Debug|Any CPU
		{A0C4FA38-AB4A-4504-998B-A3746D981D34}.Debug|Any CPU.Build.0 = Debug|Any CPU
		{A0C4FA38-AB4A-4504-998B-A3746D981D34}.Release|Any CPU.ActiveCfg = Release|Any CPU
		{A0C4FA38-AB4A-4504-998B-A3746D981D34}.Release|Any CPU.Build.0 = Release|Any CPU
		{D0E13B4F-FB8C-4B39-9442-48E7629622F7}.Debug|Any CPU.ActiveCfg = Debug|Any CPU
		{D0E13B4F-FB8C-4B39-9442-48E7629622F7}.Debug|Any CPU.Build.0 = Debug|Any CPU
		{D0E13B4F-FB8C-4B39-9442-48E7629622F7}.Release|Any CPU.ActiveCfg = Release|Any CPU
		{D0E13B4F-FB8C-4B39-9442-48E7629622F7}.Release|Any CPU.Build.0 = Release|Any CPU
		{45B0EC60-F770-4EE5-9006-8BFA963F9926}.Debug|Any CPU.ActiveCfg = Debug|Any CPU
		{45B0EC60-F770-4EE5-9006-8BFA963F9926}.Debug|Any CPU.Build.0 = Debug|Any CPU
		{45B0EC60-F770-4EE5-9006-8BFA963F9926}.Release|Any CPU.ActiveCfg = Release|Any CPU
		{45B0EC60-F770-4EE5-9006-8BFA963F9926}.Release|Any CPU.Build.0 = Release|Any CPU
		{D07EEB05-C9B4-47E2-8772-D152238ED32B}.Debug|Any CPU.ActiveCfg = Debug|Any CPU
		{D07EEB05-C9B4-47E2-8772-D152238ED32B}.Debug|Any CPU.Build.0 = Debug|Any CPU
		{D07EEB05-C9B4-47E2-8772-D152238ED32B}.Release|Any CPU.ActiveCfg = Release|Any CPU
		{D07EEB05-C9B4-47E2-8772-D152238ED32B}.Release|Any CPU.Build.0 = Release|Any CPU
		{44EB8A3C-66A1-47AC-9959-CB5788EDD174}.Debug|Any CPU.ActiveCfg = Debug|Any CPU
		{44EB8A3C-66A1-47AC-9959-CB5788EDD174}.Debug|Any CPU.Build.0 = Debug|Any CPU
		{44EB8A3C-66A1-47AC-9959-CB5788EDD174}.Release|Any CPU.ActiveCfg = Release|Any CPU
		{44EB8A3C-66A1-47AC-9959-CB5788EDD174}.Release|Any CPU.Build.0 = Release|Any CPU
		{42BF6876-ADE1-4DFE-A2AB-E93932114E4C}.Debug|Any CPU.ActiveCfg = Debug|Any CPU
		{42BF6876-ADE1-4DFE-A2AB-E93932114E4C}.Debug|Any CPU.Build.0 = Debug|Any CPU
		{42BF6876-ADE1-4DFE-A2AB-E93932114E4C}.Release|Any CPU.ActiveCfg = Release|Any CPU
		{42BF6876-ADE1-4DFE-A2AB-E93932114E4C}.Release|Any CPU.Build.0 = Release|Any CPU
		{34788467-864E-402B-B419-EEDC858018C7}.Debug|Any CPU.ActiveCfg = Debug|Any CPU
		{34788467-864E-402B-B419-EEDC858018C7}.Debug|Any CPU.Build.0 = Debug|Any CPU
		{34788467-864E-402B-B419-EEDC858018C7}.Release|Any CPU.ActiveCfg = Release|Any CPU
		{34788467-864E-402B-B419-EEDC858018C7}.Release|Any CPU.Build.0 = Release|Any CPU
	EndGlobalSection
	GlobalSection(SolutionProperties) = preSolution
		HideSolutionNode = FALSE
	EndGlobalSection
	GlobalSection(NestedProjects) = preSolution
		{9C1DB3CC-4C3D-4A11-A183-4F1F46CE4107} = {B65389C3-1EB0-44EC-934D-A06D817100EC}
	EndGlobalSection
	GlobalSection(ExtensibilityGlobals) = postSolution
		SolutionGuid = {34961EA2-9D2B-41CA-B23A-55B5CEF74B22}
	EndGlobalSection
EndGlobal
